Microsoft Visual Studio Solution File, Format Version 12.00
# Visual Studio Version 17
VisualStudioVersion = 17.5.2.0
MinimumVisualStudioVersion = 10.0.40219.1
Project("{2150E333-8FDC-42A3-9474-1A3956D46DE8}") = "SecurityLib", "SecurityLib", "{BD3FD1EB-80B3-D1E6-3F36-CFF43063618F}"
EndProject
Project("{2150E333-8FDC-42A3-9474-1A3956D46DE8}") = "SecurityLib.Test", "SecurityLib.Test", "{C36D3420-23A0-E1E6-98DD-263AC13DACAE}"
EndProject
Project("{FAE04EC0-301F-11D3-BF4B-00C04F79EFBC}") = "PasswordValidator", "SecurityLib\PasswordValidator.csproj", "{BD7D8847-8891-A362-AE8A-C45A834502FD}"
EndProject
Project("{FAE04EC0-301F-11D3-BF4B-00C04F79EFBC}") = "PasswordValidatorTest", "SecurityLib.Test\PasswordValidatorTest.csproj", "{5871B6DC-CF41-87FE-2DBC-CF8DF151DE03}"
EndProject
Global
	GlobalSection(SolutionConfigurationPlatforms) = preSolution
		Debug|Any CPU = Debug|Any CPU
		Release|Any CPU = Release|Any CPU
	EndGlobalSection
	GlobalSection(ProjectConfigurationPlatforms) = postSolution
		{BD7D8847-8891-A362-AE8A-C45A834502FD}.Debug|Any CPU.ActiveCfg = Debug|Any CPU
		{BD7D8847-8891-A362-AE8A-C45A834502FD}.Debug|Any CPU.Build.0 = Debug|Any CPU
		{BD7D8847-8891-A362-AE8A-C45A834502FD}.Release|Any CPU.ActiveCfg = Release|Any CPU
		{BD7D8847-8891-A362-AE8A-C45A834502FD}.Release|Any CPU.Build.0 = Release|Any CPU
		{5871B6DC-CF41-87FE-2DBC-CF8DF151DE03}.Debug|Any CPU.ActiveCfg = Debug|Any CPU
		{5871B6DC-CF41-87FE-2DBC-CF8DF151DE03}.Debug|Any CPU.Build.0 = Debug|Any CPU
		{5871B6DC-CF41-87FE-2DBC-CF8DF151DE03}.Release|Any CPU.ActiveCfg = Release|Any CPU
		{5871B6DC-CF41-87FE-2DBC-CF8DF151DE03}.Release|Any CPU.Build.0 = Release|Any CPU
	EndGlobalSection
	GlobalSection(SolutionProperties) = preSolution
		HideSolutionNode = FALSE
	EndGlobalSection
	GlobalSection(NestedProjects) = preSolution
		{BD7D8847-8891-A362-AE8A-C45A834502FD} = {BD3FD1EB-80B3-D1E6-3F36-CFF43063618F}
		{5871B6DC-CF41-87FE-2DBC-CF8DF151DE03} = {C36D3420-23A0-E1E6-98DD-263AC13DACAE}
	EndGlobalSection
	GlobalSection(ExtensibilityGlobals) = postSolution
		SolutionGuid = {4E01057F-CF46-4462-95CB-F933AE3DF65F}
	EndGlobalSection
EndGlobal
